{
  "lockfile_version": "1",
  "packages": {
    "copier@latest": {
      "last_modified": "2026-06-14T16:21:05Z",
      "resolved": "github:NixOS/nixpkgs/9eac87a12312b8f60dd52e1c6e1a265f6fc7f5fc#copier",
      "source": "devbox-search",
      "version": "9.15.2",
      "systems": {
        "aarch64-darwin": {
          "outputs": [
            {
              "name": "out",
              "path": "/nix/store/gkw5jymg706mn6pfri1rhs0dn6djzfzy-python3.13-copier-9.15.2",
              "default": true
            },
            {
              "name": "dist",
              "path": "/nix/store/4gvsyxcx4p6babhl804356vlqzvgkqid-python3.13-copier-9.15.2-dist"
            }
          ],
          "store_path": "/nix/store/gkw5jymg706mn6pfri1rhs0dn6djzfzy-python3.13-copier-9.15.2"
        },
        "aarch64-linux": {
          "outputs": [
            {
              "name": "out",
              "path": "/nix/store/gf6q4i7lsqn6rppass2p1czlwdav9klh-python3.13-copier-9.15.2",
              "default": true
            },
            {
              "name": "dist",
              "path": "/nix/store/dl1pxn1s0q10412gxflshb8hlb3d55ax-python3.13-copier-9.15.2-dist"
            }
          ],
          "store_path": "/nix/store/gf6q4i7lsqn6rppass2p1czlwdav9klh-python3.13-copier-9.15.2"
        },
        "x86_64-darwin": {
          "outputs": [
            {
              "name": "out",
              "path": "/nix/store/rmc8fk3nn20w7nns6hq3y86ddick0c9f-python3.13-copier-9.15.2",
              "default": true
            },
            {
              "name": "dist",
              "path": "/nix/store/9qjhj0fxs1kaza9whnih8k585l6dc66v-python3.13-copier-9.15.2-dist"
            }
          ],
          "store_path": "/nix/store/rmc8fk3nn20w7nns6hq3y86ddick0c9f-python3.13-copier-9.15.2"
        },
        "x86_64-linux": {
          "outputs": [
            {
              "name": "out",
              "path": "/nix/store/99k9ncmhmz4205hr62l41i2n48rymq8c-python3.13-copier-9.15.2",
              "default": true
            },
            {
              "name": "dist",
              "path": "/nix/store/zhhzkqg0s7zns9z07dvpwyvwmihd1ykg-python3.13-copier-9.15.2-dist"
            }
          ],
          "store_path": "/nix/store/99k9ncmhmz4205hr62l41i2n48rymq8c-python3.13-copier-9.15.2"
        }
      }
    },
    "eza": {
      "resolved": "github:NixOS/nixpkgs/f9d8b65950353691ab56561e7c73d2e1063d810b#eza",
      "source": "nixpkg",
      "systems": {
        "x86_64-darwin": {
          "outputs": [
            {
              "name": "man",
              "path": "/nix/store/1pvkh2ly8glv9ymw78gxqa7r41l5fv5i-eza-0.23.4-man",
              "default": true
            },
            {
              "path": "/nix/store/wbbip9wkmiq4cxnzj628jziqgpfafj0v-eza-0.23.4",
              "default": true
            }
          ]
        }
      }
    },
    "fzf": {
      "resolved": "github:NixOS/nixpkgs/f9d8b65950353691ab56561e7c73d2e1063d810b#fzf",
      "source": "nixpkg",
      "systems": {
        "x86_64-darwin": {
          "outputs": [
            {
              "name": "man",
              "path": "/nix/store/ba87gn3a044jklgmw3bdhy7hmdb7fg5a-fzf-0.72.0-man",
              "default": true
            },
            {
              "path": "/nix/store/xwx1qd5vxddakglfhazqn4jpis1lbgrq-fzf-0.72.0",
              "default": true
            }
          ]
        }
      }
    },
    "git": {
      "resolved": "github:NixOS/nixpkgs/f9d8b65950353691ab56561e7c73d2e1063d810b#git",
      "source": "nixpkg",
      "systems": {
        "x86_64-darwin": {
          "outputs": [
            {
              "path": "/nix/store/s9lsrlgwr3sabw9a2dl3laykas0ijk85-git-2.54.0",
              "default": true
            }
          ]
        }
      }
    },
    "github:NixOS/nixpkgs/nixpkgs-unstable": {
      "last_modified": "2026-06-27T07:37:20Z",
      "resolved": "github:NixOS/nixpkgs/3d46470bb3030020f7e1361f33514854f5bfa86d?lastModified=1782545840"
    },
    "github:levonk/levonk-packages#bundle-rtk-cloud": {
      "last_modified": "2026-06-27T16:54:13Z",
      "resolved": "github:levonk/levonk-packages/2899d4e3dc0d397f16feb3765566ee03f9cce374?lastModified=1782579253#bundle-rtk-cloud"
    },
    "github:levonk/levonk-packages#bundle-rtk-core": {
      "last_modified": "2026-06-27T16:54:13Z",
      "resolved": "github:levonk/levonk-packages/2899d4e3dc0d397f16feb3765566ee03f9cce374?lastModified=1782579253#bundle-rtk-core"
    },
    "github:levonk/levonk-packages#devbox-rtk-nodejs-pnpm-force": {
      "last_modified": "2026-06-27T16:54:13Z",
      "resolved": "github:levonk/levonk-packages/2899d4e3dc0d397f16feb3765566ee03f9cce374?lastModified=1782579253#devbox-rtk-nodejs-pnpm-force"
    },
    "github:levonk/levonk-packages#devbox-rtk-python-uv-force": {
      "last_modified": "2026-06-27T16:54:13Z",
      "resolved": "github:levonk/levonk-packages/2899d4e3dc0d397f16feb3765566ee03f9cce374?lastModified=1782579253#devbox-rtk-python-uv-force"
    },
    "github:levonk/smartfo": {
      "last_modified": "2026-06-26T21:07:45Z",
      "resolved": "github:levonk/smartfo/8eeb1ed3cb2a2b6b247770790186388e871b3914?lastModified=1782508065"
    },
    "jujutsu": {
      "resolved": "github:NixOS/nixpkgs/f9d8b65950353691ab56561e7c73d2e1063d810b#jujutsu",
      "source": "nixpkg",
      "systems": {
        "x86_64-darwin": {
          "outputs": [
            {
              "path": "/nix/store/qm317pz9n39qzl2pdd50vrlyy3al5l2b-jujutsu-0.41.0",
              "default": true
            }
          ]
        }
      }
    },
    "rtk": {
      "resolved": "github:NixOS/nixpkgs/f9d8b65950353691ab56561e7c73d2e1063d810b#rtk",
      "source": "nixpkg",
      "systems": {
        "x86_64-darwin": {
          "outputs": [
            {
              "path": "/nix/store/854hwgy4npbg1gc3673gfs4cqdlv4khm-rtk-0.41.0",
              "default": true
            }
          ]
        }
      }
    },
    "zoxide": {
      "resolved": "github:NixOS/nixpkgs/f9d8b65950353691ab56561e7c73d2e1063d810b#zoxide",
      "source": "nixpkg",
      "systems": {
        "x86_64-darwin": {
          "outputs": [
            {
              "path": "/nix/store/qnb8d85niiz0ibjrrfm4bilnfi9yxrrl-zoxide-0.9.9",
              "default": true
            }
          ]
        }
      }
    }
  }
}
