{
  "lockfile_version": "1",
  "packages": {
    "copier": {
      "resolved": "github:NixOS/nixpkgs/293d6abedf0478e681a4dfcfcb35b30fc796a32f#copier",
      "source": "nixpkg",
      "systems": {
        "x86_64-darwin": {
          "outputs": [
            {
              "path": "/nix/store/jpwrmay2kg4ncf5y9cdig2imivxq7bag-python3.13-copier-9.15.1",
              "default": true
            }
          ]
        }
      }
    },
    "delta": {
      "resolved": "github:NixOS/nixpkgs/3d46470bb3030020f7e1361f33514854f5bfa86d#delta",
      "source": "nixpkg",
      "systems": {
        "x86_64-darwin": {
          "outputs": [
            {
              "path": "/nix/store/wcyakzs3rr0cx987ib506f8hrblisgzy-delta-0.19.2",
              "default": true
            }
          ]
        }
      }
    },
    "difftastic": {
      "resolved": "github:NixOS/nixpkgs/3d46470bb3030020f7e1361f33514854f5bfa86d#difftastic",
      "source": "nixpkg",
      "systems": {
        "x86_64-darwin": {
          "outputs": [
            {
              "path": "/nix/store/yyzak9d2bqdla9a4xax6bfv2hi5axd90-difftastic-0.69.0",
              "default": true
            }
          ]
        }
      }
    },
    "eza": {
      "resolved": "github:NixOS/nixpkgs/f9d8b65950353691ab56561e7c73d2e1063d810b#eza",
      "source": "nixpkg",
      "systems": {
        "x86_64-darwin": {
          "outputs": [
            {
              "name": "man",
              "path": "/nix/store/1pvkh2ly8glv9ymw78gxqa7r41l5fv5i-eza-0.23.4-man",
              "default": true
            },
            {
              "path": "/nix/store/wbbip9wkmiq4cxnzj628jziqgpfafj0v-eza-0.23.4",
              "default": true
            }
          ]
        }
      }
    },
    "fzf": {
      "resolved": "github:NixOS/nixpkgs/f9d8b65950353691ab56561e7c73d2e1063d810b#fzf",
      "source": "nixpkg",
      "systems": {
        "x86_64-darwin": {
          "outputs": [
            {
              "name": "man",
              "path": "/nix/store/ba87gn3a044jklgmw3bdhy7hmdb7fg5a-fzf-0.72.0-man",
              "default": true
            },
            {
              "path": "/nix/store/xwx1qd5vxddakglfhazqn4jpis1lbgrq-fzf-0.72.0",
              "default": true
            }
          ]
        }
      }
    },
    "git": {
      "resolved": "github:NixOS/nixpkgs/f9d8b65950353691ab56561e7c73d2e1063d810b#git",
      "source": "nixpkg",
      "systems": {
        "x86_64-darwin": {
          "outputs": [
            {
              "path": "/nix/store/s9lsrlgwr3sabw9a2dl3laykas0ijk85-git-2.54.0",
              "default": true
            }
          ]
        }
      }
    },
    "git-imerge": {
      "resolved": "github:NixOS/nixpkgs/293d6abedf0478e681a4dfcfcb35b30fc796a32f#git-imerge",
      "source": "nixpkg"
    },
    "git-secrets": {
      "resolved": "github:NixOS/nixpkgs/293d6abedf0478e681a4dfcfcb35b30fc796a32f#git-secrets",
      "source": "nixpkg"
    },
    "github:NixOS/nixpkgs/293d6abedf0478e681a4dfcfcb35b30fc796a32f": {
      "last_modified": "1970-01-01T00:00:00Z",
      "resolved": "github:NixOS/nixpkgs/293d6abedf0478e681a4dfcfcb35b30fc796a32f"
    },
    "github:levonk/levonk-packages#bundle-rtk-cloud": {
      "last_modified": "2026-07-30T10:00:18Z",
      "resolved": "github:levonk/levonk-packages/4101d7483b3f65a5157ee6eee53b5665733887e1?lastModified=1785405618#bundle-rtk-cloud"
    },
    "github:levonk/levonk-packages#bundle-rtk-core": {
      "last_modified": "2026-07-30T10:00:18Z",
      "resolved": "github:levonk/levonk-packages/4101d7483b3f65a5157ee6eee53b5665733887e1?lastModified=1785405618#bundle-rtk-core"
    },
    "github:levonk/levonk-packages#devbox-rtk-nodejs-pnpm-force": {
      "last_modified": "2026-07-30T10:00:18Z",
      "resolved": "github:levonk/levonk-packages/4101d7483b3f65a5157ee6eee53b5665733887e1?lastModified=1785405618#devbox-rtk-nodejs-pnpm-force"
    },
    "github:levonk/levonk-packages#devbox-rtk-python-uv-force": {
      "last_modified": "2026-07-30T10:00:18Z",
      "resolved": "github:levonk/levonk-packages/4101d7483b3f65a5157ee6eee53b5665733887e1?lastModified=1785405618#devbox-rtk-python-uv-force"
    },
    "github:levonk/smartfo": {
      "last_modified": "2026-07-18T18:55:50Z",
      "resolved": "github:levonk/smartfo/cb4673fb0706f49ecc370dc5e83c5418c15106cb?lastModified=1784400950"
    },
    "jujutsu": {
      "resolved": "github:NixOS/nixpkgs/f9d8b65950353691ab56561e7c73d2e1063d810b#jujutsu",
      "source": "nixpkg",
      "systems": {
        "x86_64-darwin": {
          "outputs": [
            {
              "path": "/nix/store/qm317pz9n39qzl2pdd50vrlyy3al5l2b-jujutsu-0.41.0",
              "default": true
            }
          ]
        }
      }
    },
    "rtk": {
      "resolved": "github:NixOS/nixpkgs/293d6abedf0478e681a4dfcfcb35b30fc796a32f#rtk",
      "source": "nixpkg"
    },
    "zoxide": {
      "resolved": "github:NixOS/nixpkgs/f9d8b65950353691ab56561e7c73d2e1063d810b#zoxide",
      "source": "nixpkg",
      "systems": {
        "x86_64-darwin": {
          "outputs": [
            {
              "path": "/nix/store/qnb8d85niiz0ibjrrfm4bilnfi9yxrrl-zoxide-0.9.9",
              "default": true
            }
          ]
        }
      }
    }
  }
}
